
Microsoft Visual Studio Solution File, Format Version 12.00
# Visual Studio Version 17
VisualStudioVersion = 17.8.34309.116
MinimumVisualStudioVersion = 10.0.40219.1
Project("{FAE04EC0-301F-11D3-BF4B-00C04F79EFBC}") = "GenomAlgorithm", "GenomAlgorithm\GenomAlgorithm.csproj", "{9C2DBBD6-ABDC-4322-A710-F51F08FFC641}"
EndProject
Global
	GlobalSection(SolutionConfigurationPlatforms) = preSolution
		Debug|Any CPU = Debug|Any CPU
		Release|Any CPU = Release|Any CPU
	EndGlobalSection
	GlobalSection(ProjectConfigurationPlatforms) = postSolution
		{9C2DBBD6-ABDC-4322-A710-F51F08FFC641}.Debug|Any CPU.ActiveCfg = Debug|Any CPU
		{9C2DBBD6-ABDC-4322-A710-F51F08FFC641}.Debug|Any CPU.Build.0 = Debug|Any CPU
		{9C2DBBD6-ABDC-4322-A710-F51F08FFC641}.Release|Any CPU.ActiveCfg = Release|Any CPU
		{9C2DBBD6-ABDC-4322-A710-F51F08FFC641}.Release|Any CPU.Build.0 = Release|Any CPU
	EndGlobalSection
	GlobalSection(SolutionProperties) = preSolution
		HideSolutionNode = FALSE
	EndGlobalSection
	GlobalSection(ExtensibilityGlobals) = postSolution
		SolutionGuid = {D73EEF53-4CAB-448A-B4AD-C84147A5EEC0}
	EndGlobalSection
EndGlobal
