
Microsoft Visual Studio Solution File, Format Version 12.00
# Visual Studio Version 17
VisualStudioVersion = 17.8.34330.188
MinimumVisualStudioVersion = 10.0.40219.1
Project("{FAE04EC0-301F-11D3-BF4B-00C04F79EFBC}") = "Naïve Bayes Classifier", "Naïve Bayes Classifier\Naïve Bayes Classifier.csproj", "{6E3AB7EC-6ECD-4365-AF04-B8244836582E}"
EndProject
Global
	GlobalSection(SolutionConfigurationPlatforms) = preSolution
		Debug|Any CPU = Debug|Any CPU
		Release|Any CPU = Release|Any CPU
	EndGlobalSection
	GlobalSection(ProjectConfigurationPlatforms) = postSolution
		{6E3AB7EC-6ECD-4365-AF04-B8244836582E}.Debug|Any CPU.ActiveCfg = Debug|Any CPU
		{6E3AB7EC-6ECD-4365-AF04-B8244836582E}.Debug|Any CPU.Build.0 = Debug|Any CPU
		{6E3AB7EC-6ECD-4365-AF04-B8244836582E}.Release|Any CPU.ActiveCfg = Release|Any CPU
		{6E3AB7EC-6ECD-4365-AF04-B8244836582E}.Release|Any CPU.Build.0 = Release|Any CPU
	EndGlobalSection
	GlobalSection(SolutionProperties) = preSolution
		HideSolutionNode = FALSE
	EndGlobalSection
	GlobalSection(ExtensibilityGlobals) = postSolution
		SolutionGuid = {2CDC5AFC-7811-4BB8-849D-98055588D5E1}
	EndGlobalSection
EndGlobal
