
Microsoft Visual Studio Solution File, Format Version 12.00
# Visual Studio Version 17
VisualStudioVersion = 17.4.33205.214
MinimumVisualStudioVersion = 10.0.40219.1
Project("{9A19103F-16F7-4668-BE54-9A1E7A4F7556}") = "ClockControl", "ClockControl\ClockControl.csproj", "{3F3BF5F1-B348-4972-98C9-41E8EA89387F}"
EndProject
Project("{9A19103F-16F7-4668-BE54-9A1E7A4F7556}") = "ClockApp", "ClockApp\ClockApp.csproj", "{202DC941-6947-4948-BEB1-6909F9CD528E}"
EndProject
Project("{9A19103F-16F7-4668-BE54-9A1E7A4F7556}") = "DigitalClockDispatcherTimer", "DigitalClockDispatcherTimer\DigitalClockDispatcherTimer.csproj", "{0DF8FF50-8307-4FB4-93A2-5FAFB58B9AB0}"
EndProject
Project("{9A19103F-16F7-4668-BE54-9A1E7A4F7556}") = "DigitalClockSystemTimer", "DigitalClockSystemTimer\DigitalClockSystemTimer.csproj", "{6177D9C7-4FF2-474D-B4AF-D4E3D63CD53D}"
EndProject
Project("{9A19103F-16F7-4668-BE54-9A1E7A4F7556}") = "MulticurrencyExchangerThreadPool", "MulticurrencyExchangerThreadPool\MulticurrencyExchangerThreadPool.csproj", "{FE79AE27-0102-4C27-82C9-E879322A2D66}"
EndProject
Global
	GlobalSection(SolutionConfigurationPlatforms) = preSolution
		Debug|Any CPU = Debug|Any CPU
		Release|Any CPU = Release|Any CPU
	EndGlobalSection
	GlobalSection(ProjectConfigurationPlatforms) = postSolution
		{3F3BF5F1-B348-4972-98C9-41E8EA89387F}.Debug|Any CPU.ActiveCfg = Debug|Any CPU
		{3F3BF5F1-B348-4972-98C9-41E8EA89387F}.Debug|Any CPU.Build.0 = Debug|Any CPU
		{3F3BF5F1-B348-4972-98C9-41E8EA89387F}.Release|Any CPU.ActiveCfg = Release|Any CPU
		{3F3BF5F1-B348-4972-98C9-41E8EA89387F}.Release|Any CPU.Build.0 = Release|Any CPU
		{202DC941-6947-4948-BEB1-6909F9CD528E}.Debug|Any CPU.ActiveCfg = Debug|Any CPU
		{202DC941-6947-4948-BEB1-6909F9CD528E}.Debug|Any CPU.Build.0 = Debug|Any CPU
		{202DC941-6947-4948-BEB1-6909F9CD528E}.Release|Any CPU.ActiveCfg = Release|Any CPU
		{202DC941-6947-4948-BEB1-6909F9CD528E}.Release|Any CPU.Build.0 = Release|Any CPU
		{0DF8FF50-8307-4FB4-93A2-5FAFB58B9AB0}.Debug|Any CPU.ActiveCfg = Debug|Any CPU
		{0DF8FF50-8307-4FB4-93A2-5FAFB58B9AB0}.Debug|Any CPU.Build.0 = Debug|Any CPU
		{0DF8FF50-8307-4FB4-93A2-5FAFB58B9AB0}.Release|Any CPU.ActiveCfg = Release|Any CPU
		{0DF8FF50-8307-4FB4-93A2-5FAFB58B9AB0}.Release|Any CPU.Build.0 = Release|Any CPU
		{6177D9C7-4FF2-474D-B4AF-D4E3D63CD53D}.Debug|Any CPU.ActiveCfg = Debug|Any CPU
		{6177D9C7-4FF2-474D-B4AF-D4E3D63CD53D}.Debug|Any CPU.Build.0 = Debug|Any CPU
		{6177D9C7-4FF2-474D-B4AF-D4E3D63CD53D}.Release|Any CPU.ActiveCfg = Release|Any CPU
		{6177D9C7-4FF2-474D-B4AF-D4E3D63CD53D}.Release|Any CPU.Build.0 = Release|Any CPU
		{FE79AE27-0102-4C27-82C9-E879322A2D66}.Debug|Any CPU.ActiveCfg = Debug|Any CPU
		{FE79AE27-0102-4C27-82C9-E879322A2D66}.Debug|Any CPU.Build.0 = Debug|Any CPU
		{FE79AE27-0102-4C27-82C9-E879322A2D66}.Release|Any CPU.ActiveCfg = Release|Any CPU
		{FE79AE27-0102-4C27-82C9-E879322A2D66}.Release|Any CPU.Build.0 = Release|Any CPU
	EndGlobalSection
	GlobalSection(SolutionProperties) = preSolution
		HideSolutionNode = FALSE
	EndGlobalSection
	GlobalSection(ExtensibilityGlobals) = postSolution
		SolutionGuid = {32F16655-0046-4542-BF19-56311AA50221}
	EndGlobalSection
EndGlobal
