Microsoft Visual Studio Solution File, Format Version 8.00
Project("{FAE04EC0-301F-11D3-BF4B-00C04F79EFBC}") = "AvoidNameConflict2", "AvoidNameConflict2.csproj", "{8BF72776-3552-45CB-86F4-84C34E70C0AD}"
	ProjectSection(ProjectDependencies) = postProject
	EndProjectSection
EndProject
Global
	GlobalSection(SolutionConfiguration) = preSolution
		Debug = Debug
		Release = Release
	EndGlobalSection
	GlobalSection(ProjectConfiguration) = postSolution
		{8BF72776-3552-45CB-86F4-84C34E70C0AD}.Debug.ActiveCfg = Debug|.NET
		{8BF72776-3552-45CB-86F4-84C34E70C0AD}.Debug.Build.0 = Debug|.NET
		{8BF72776-3552-45CB-86F4-84C34E70C0AD}.Release.ActiveCfg = Release|.NET
		{8BF72776-3552-45CB-86F4-84C34E70C0AD}.Release.Build.0 = Release|.NET
	EndGlobalSection
	GlobalSection(ExtensibilityGlobals) = postSolution
	EndGlobalSection
	GlobalSection(ExtensibilityAddIns) = postSolution
	EndGlobalSection
EndGlobal
