
Microsoft Visual Studio Solution File, Format Version 12.00
# Visual Studio Version 17
VisualStudioVersion = 17.7.34031.279
MinimumVisualStudioVersion = 10.0.40219.1
Project("{9A19103F-16F7-4668-BE54-9A1E7A4F7556}") = "CalculatorSample", "CalculatorSample\CalculatorSample.csproj", "{8852FE72-B821-4A22-88A4-7261B276D72F}"
EndProject
Project("{9A19103F-16F7-4668-BE54-9A1E7A4F7556}") = "Lab3aProblem2", "Lab3aProblem2\Lab3aProblem2.csproj", "{D87EAE84-F7A8-4275-9BF6-288AC61C5538}"
EndProject
Project("{9A19103F-16F7-4668-BE54-9A1E7A4F7556}") = "Lab3bProblem1", "Lab3bProblem1\Lab3bProblem1.csproj", "{0D9D923F-C973-4660-B4DF-A285A40FB6C9}"
EndProject
Project("{FAE04EC0-301F-11D3-BF4B-00C04F79EFBC}") = "Lab3aProblem3", "Lab3aProblem3\Lab3aProblem3.csproj", "{6ACE9726-485A-48AC-8EFC-70478BFC90C2}"
EndProject
Global
	GlobalSection(SolutionConfigurationPlatforms) = preSolution
		Debug|Any CPU = Debug|Any CPU
		Release|Any CPU = Release|Any CPU
	EndGlobalSection
	GlobalSection(ProjectConfigurationPlatforms) = postSolution
		{8852FE72-B821-4A22-88A4-7261B276D72F}.Debug|Any CPU.ActiveCfg = Debug|Any CPU
		{8852FE72-B821-4A22-88A4-7261B276D72F}.Debug|Any CPU.Build.0 = Debug|Any CPU
		{8852FE72-B821-4A22-88A4-7261B276D72F}.Release|Any CPU.ActiveCfg = Release|Any CPU
		{8852FE72-B821-4A22-88A4-7261B276D72F}.Release|Any CPU.Build.0 = Release|Any CPU
		{D87EAE84-F7A8-4275-9BF6-288AC61C5538}.Debug|Any CPU.ActiveCfg = Debug|Any CPU
		{D87EAE84-F7A8-4275-9BF6-288AC61C5538}.Debug|Any CPU.Build.0 = Debug|Any CPU
		{D87EAE84-F7A8-4275-9BF6-288AC61C5538}.Release|Any CPU.ActiveCfg = Release|Any CPU
		{D87EAE84-F7A8-4275-9BF6-288AC61C5538}.Release|Any CPU.Build.0 = Release|Any CPU
		{0D9D923F-C973-4660-B4DF-A285A40FB6C9}.Debug|Any CPU.ActiveCfg = Debug|Any CPU
		{0D9D923F-C973-4660-B4DF-A285A40FB6C9}.Debug|Any CPU.Build.0 = Debug|Any CPU
		{0D9D923F-C973-4660-B4DF-A285A40FB6C9}.Release|Any CPU.ActiveCfg = Release|Any CPU
		{0D9D923F-C973-4660-B4DF-A285A40FB6C9}.Release|Any CPU.Build.0 = Release|Any CPU
		{6ACE9726-485A-48AC-8EFC-70478BFC90C2}.Debug|Any CPU.ActiveCfg = Debug|Any CPU
		{6ACE9726-485A-48AC-8EFC-70478BFC90C2}.Debug|Any CPU.Build.0 = Debug|Any CPU
		{6ACE9726-485A-48AC-8EFC-70478BFC90C2}.Release|Any CPU.ActiveCfg = Release|Any CPU
		{6ACE9726-485A-48AC-8EFC-70478BFC90C2}.Release|Any CPU.Build.0 = Release|Any CPU
	EndGlobalSection
	GlobalSection(SolutionProperties) = preSolution
		HideSolutionNode = FALSE
	EndGlobalSection
	GlobalSection(ExtensibilityGlobals) = postSolution
		SolutionGuid = {F24161A9-10CC-4EFB-B3E4-66421B5FCD2F}
	EndGlobalSection
EndGlobal
