
Microsoft Visual Studio Solution File, Format Version 12.00
# Visual Studio Version 17
VisualStudioVersion = 17.4.33122.133
MinimumVisualStudioVersion = 10.0.40219.1
Project("{FAE04EC0-301F-11D3-BF4B-00C04F79EFBC}") = "Painter", "Painter\Painter.csproj", "{C5F854E5-D894-4548-BED5-7A7070EB31BD}"
EndProject
Project("{FAE04EC0-301F-11D3-BF4B-00C04F79EFBC}") = "RoutedEvents", "RoutedEvents\RoutedEvents.csproj", "{64AF1242-1EB5-4110-BCBA-4921CF941BE4}"
EndProject
Project("{FAE04EC0-301F-11D3-BF4B-00C04F79EFBC}") = "TextEditorCommandBinding", "TextEditorCommandBinding\TextEditorCommandBinding.csproj", "{BA8B4EB3-94B9-4D5E-A3D3-DAF272B2BA3F}"
EndProject
Project("{FAE04EC0-301F-11D3-BF4B-00C04F79EFBC}") = "XAMLIntroduction", "XAMLIntroduction\XAMLIntroduction.csproj", "{669F83AE-F9BF-413D-9261-074E4D29B066}"
EndProject
Project("{FAE04EC0-301F-11D3-BF4B-00C04F79EFBC}") = "ColorChooser", "ColorChooser\ColorChooser.csproj", "{90516932-E893-409D-A854-3754754619EC}"
EndProject
Global
	GlobalSection(SolutionConfigurationPlatforms) = preSolution
		Debug|Any CPU = Debug|Any CPU
		Release|Any CPU = Release|Any CPU
	EndGlobalSection
	GlobalSection(ProjectConfigurationPlatforms) = postSolution
		{C5F854E5-D894-4548-BED5-7A7070EB31BD}.Debug|Any CPU.ActiveCfg = Debug|Any CPU
		{C5F854E5-D894-4548-BED5-7A7070EB31BD}.Debug|Any CPU.Build.0 = Debug|Any CPU
		{C5F854E5-D894-4548-BED5-7A7070EB31BD}.Release|Any CPU.ActiveCfg = Release|Any CPU
		{C5F854E5-D894-4548-BED5-7A7070EB31BD}.Release|Any CPU.Build.0 = Release|Any CPU
		{64AF1242-1EB5-4110-BCBA-4921CF941BE4}.Debug|Any CPU.ActiveCfg = Debug|Any CPU
		{64AF1242-1EB5-4110-BCBA-4921CF941BE4}.Debug|Any CPU.Build.0 = Debug|Any CPU
		{64AF1242-1EB5-4110-BCBA-4921CF941BE4}.Release|Any CPU.ActiveCfg = Release|Any CPU
		{64AF1242-1EB5-4110-BCBA-4921CF941BE4}.Release|Any CPU.Build.0 = Release|Any CPU
		{BA8B4EB3-94B9-4D5E-A3D3-DAF272B2BA3F}.Debug|Any CPU.ActiveCfg = Debug|Any CPU
		{BA8B4EB3-94B9-4D5E-A3D3-DAF272B2BA3F}.Debug|Any CPU.Build.0 = Debug|Any CPU
		{BA8B4EB3-94B9-4D5E-A3D3-DAF272B2BA3F}.Release|Any CPU.ActiveCfg = Release|Any CPU
		{BA8B4EB3-94B9-4D5E-A3D3-DAF272B2BA3F}.Release|Any CPU.Build.0 = Release|Any CPU
		{669F83AE-F9BF-413D-9261-074E4D29B066}.Debug|Any CPU.ActiveCfg = Debug|Any CPU
		{669F83AE-F9BF-413D-9261-074E4D29B066}.Debug|Any CPU.Build.0 = Debug|Any CPU
		{669F83AE-F9BF-413D-9261-074E4D29B066}.Release|Any CPU.ActiveCfg = Release|Any CPU
		{669F83AE-F9BF-413D-9261-074E4D29B066}.Release|Any CPU.Build.0 = Release|Any CPU
		{90516932-E893-409D-A854-3754754619EC}.Debug|Any CPU.ActiveCfg = Debug|Any CPU
		{90516932-E893-409D-A854-3754754619EC}.Debug|Any CPU.Build.0 = Debug|Any CPU
		{90516932-E893-409D-A854-3754754619EC}.Release|Any CPU.ActiveCfg = Release|Any CPU
		{90516932-E893-409D-A854-3754754619EC}.Release|Any CPU.Build.0 = Release|Any CPU
	EndGlobalSection
	GlobalSection(SolutionProperties) = preSolution
		HideSolutionNode = FALSE
	EndGlobalSection
	GlobalSection(ExtensibilityGlobals) = postSolution
		SolutionGuid = {46AC237A-E9AA-4F84-9071-A40C289C5154}
	EndGlobalSection
EndGlobal
