
Microsoft Visual Studio Solution File, Format Version 12.00
# Visual Studio Version 17
VisualStudioVersion = 17.8.34322.80
MinimumVisualStudioVersion = 10.0.40219.1
Project("{FAE04EC0-301F-11D3-BF4B-00C04F79EFBC}") = "ExperimentRef", "ExperimentRef\ExperimentRef.csproj", "{A0E685DA-5387-4408-B844-5AA0CF6AA8BE}"
EndProject
Global
	GlobalSection(SolutionConfigurationPlatforms) = preSolution
		Debug|Any CPU = Debug|Any CPU
		Release|Any CPU = Release|Any CPU
	EndGlobalSection
	GlobalSection(ProjectConfigurationPlatforms) = postSolution
		{A0E685DA-5387-4408-B844-5AA0CF6AA8BE}.Debug|Any CPU.ActiveCfg = Debug|Any CPU
		{A0E685DA-5387-4408-B844-5AA0CF6AA8BE}.Debug|Any CPU.Build.0 = Debug|Any CPU
		{A0E685DA-5387-4408-B844-5AA0CF6AA8BE}.Release|Any CPU.ActiveCfg = Release|Any CPU
		{A0E685DA-5387-4408-B844-5AA0CF6AA8BE}.Release|Any CPU.Build.0 = Release|Any CPU
	EndGlobalSection
	GlobalSection(SolutionProperties) = preSolution
		HideSolutionNode = FALSE
	EndGlobalSection
	GlobalSection(ExtensibilityGlobals) = postSolution
		SolutionGuid = {96443908-BD18-4FD4-B7DF-914FE12C1C31}
	EndGlobalSection
EndGlobal
