Microsoft Visual Studio Solution File, Format Version 7.00
Project("{FAE04EC0-301F-11D3-BF4B-00C04F79EFBC}") = "Multicast Delegates", "Multicast Delegates.csproj", "{A8F09D6E-8A7E-46A0-894C-ABF32CEC2F3B}"
EndProject
Global
	GlobalSection(SolutionConfiguration) = preSolution
		ConfigName.0 = Debug
		ConfigName.1 = Release
	EndGlobalSection
	GlobalSection(ProjectDependencies) = postSolution
	EndGlobalSection
	GlobalSection(ProjectConfiguration) = postSolution
		{A8F09D6E-8A7E-46A0-894C-ABF32CEC2F3B}.Debug.ActiveCfg = Debug|.NET
		{A8F09D6E-8A7E-46A0-894C-ABF32CEC2F3B}.Debug.Build.0 = Debug|.NET
		{A8F09D6E-8A7E-46A0-894C-ABF32CEC2F3B}.Release.ActiveCfg = Release|.NET
		{A8F09D6E-8A7E-46A0-894C-ABF32CEC2F3B}.Release.Build.0 = Release|.NET
	EndGlobalSection
	GlobalSection(ExtensibilityGlobals) = postSolution
	EndGlobalSection
	GlobalSection(ExtensibilityAddIns) = postSolution
	EndGlobalSection
EndGlobal
